// !$*UTF8*$!
{
	archiveVersion = 1;
	classes = {
	};
	objectVersion = 46;
	objects = {

/* Begin PBXBuildFile section */
		5115FA7FF388224D608BF1AF /* libPods.a in Frameworks */ = {isa = PBXBuildFile; fileRef = 5A82ABB40A10EDC06E3ED4C4 /* libPods.a */; };
		C00D3B5F1A5C314C0025BFAF /* ViewController.m in Sources */ = {isa = PBXBuildFile; fileRef = C00D3B5E1A5C314C0025BFAF /* ViewController.m */; };
		C013CFE71A6232310069D868 /* PHSandbox.m in Sources */ = {isa = PBXBuildFile; fileRef = C013CFE61A6232310069D868 /* PHSandbox.m */; };
		C013CFEB1A6263C20069D868 /* PHUserDefaults.m in Sources */ = {isa = PBXBuildFile; fileRef = C013CFEA1A6263C20069D868 /* PHUserDefaults.m */; };
		C013CFEE1A6265920069D868 /* PHKeychain.m in Sources */ = {isa = PBXBuildFile; fileRef = C013CFED1A6265920069D868 /* PHKeychain.m */; };
		C013CFF11A6268FE0069D868 /* PHFileCache.m in Sources */ = {isa = PBXBuildFile; fileRef = C013CFF01A6268FE0069D868 /* PHFileCache.m */; };
		C013CFF41A626A730069D868 /* PHMemoryCache.m in Sources */ = {isa = PBXBuildFile; fileRef = C013CFF31A626A730069D868 /* PHMemoryCache.m */; };
		C016D99E1AF5CC8E00278BE0 /* UIButton+Indicator.m in Sources */ = {isa = PBXBuildFile; fileRef = C016D99D1AF5CC8E00278BE0 /* UIButton+Indicator.m */; };
		C016D9A11AF5CD5A00278BE0 /* UIButton+CountDown.m in Sources */ = {isa = PBXBuildFile; fileRef = C016D9A01AF5CD5A00278BE0 /* UIButton+CountDown.m */; };
		C016D9A71AF5D2CC00278BE0 /* UIButton+Badge.m in Sources */ = {isa = PBXBuildFile; fileRef = C016D9A61AF5D2CC00278BE0 /* UIButton+Badge.m */; };
		C016D9AC1AF5D46700278BE0 /* UITextView+Placeholder.m in Sources */ = {isa = PBXBuildFile; fileRef = C016D9AB1AF5D46700278BE0 /* UITextView+Placeholder.m */; };
		C034B6DF1A6BA4F40014E9A4 /* AFDownloadRequestOperation.m in Sources */ = {isa = PBXBuildFile; fileRef = C034B6DE1A6BA4F40014E9A4 /* AFDownloadRequestOperation.m */; };
		C08B55F01A8C90550057760E /* PHAutoCoding.m in Sources */ = {isa = PBXBuildFile; fileRef = C08B55EF1A8C90550057760E /* PHAutoCoding.m */; };
		C08B55F71A8C90B10057760E /* SKSplashIcon.m in Sources */ = {isa = PBXBuildFile; fileRef = C08B55F41A8C90B10057760E /* SKSplashIcon.m */; };
		C08B55F81A8C90B10057760E /* SKSplashView.m in Sources */ = {isa = PBXBuildFile; fileRef = C08B55F61A8C90B10057760E /* SKSplashView.m */; };
		C08B55FE1A8C9A580057760E /* EAIntroPage.m in Sources */ = {isa = PBXBuildFile; fileRef = C08B55FB1A8C9A580057760E /* EAIntroPage.m */; };
		C08B55FF1A8C9A580057760E /* EAIntroView.m in Sources */ = {isa = PBXBuildFile; fileRef = C08B55FD1A8C9A580057760E /* EAIntroView.m */; };
		C0A5C5111A5C302000E02C9F /* PHBaseView.m in Sources */ = {isa = PBXBuildFile; fileRef = C0A5C50E1A5C302000E02C9F /* PHBaseView.m */; };
		C0A5C5121A5C302000E02C9F /* PHBaseViewController.m in Sources */ = {isa = PBXBuildFile; fileRef = C0A5C5101A5C302000E02C9F /* PHBaseViewController.m */; };
		C0A5FBA61AF65E680062AF35 /* UIColor+PH.m in Sources */ = {isa = PBXBuildFile; fileRef = C0A5FBA51AF65E680062AF35 /* UIColor+PH.m */; };
		C0A5FBA91AF660920062AF35 /* UIButton+GetTableViewCellIndexPath.m in Sources */ = {isa = PBXBuildFile; fileRef = C0A5FBA81AF660920062AF35 /* UIButton+GetTableViewCellIndexPath.m */; };
		C0CFB5471A591E3B002C1589 /* main.m in Sources */ = {isa = PBXBuildFile; fileRef = C0CFB5461A591E3B002C1589 /* main.m */; };
		C0CFB54A1A591E3B002C1589 /* AppDelegate.m in Sources */ = {isa = PBXBuildFile; fileRef = C0CFB5491A591E3B002C1589 /* AppDelegate.m */; };
		C0CFB5501A591E3B002C1589 /* Main.storyboard in Resources */ = {isa = PBXBuildFile; fileRef = C0CFB54E1A591E3B002C1589 /* Main.storyboard */; };
		C0CFB5521A591E3B002C1589 /* Images.xcassets in Resources */ = {isa = PBXBuildFile; fileRef = C0CFB5511A591E3B002C1589 /* Images.xcassets */; };
		C0CFB5551A591E3B002C1589 /* LaunchScreen.xib in Resources */ = {isa = PBXBuildFile; fileRef = C0CFB5531A591E3B002C1589 /* LaunchScreen.xib */; };
		C0CFB5611A591E3C002C1589 /* LazyCodeTests.m in Sources */ = {isa = PBXBuildFile; fileRef = C0CFB5601A591E3C002C1589 /* LazyCodeTests.m */; };
		C0E294D31A637B0600BDD7B9 /* PHNetWorkClient.m in Sources */ = {isa = PBXBuildFile; fileRef = C0E294D21A637B0600BDD7B9 /* PHNetWorkClient.m */; };
		C0F85B101A5FB3D700DC8901 /* PHSystermInfo.m in Sources */ = {isa = PBXBuildFile; fileRef = C0F85B0D1A5FB3D700DC8901 /* PHSystermInfo.m */; };
		C0F85B131A5FB3E700DC8901 /* NSString+PH.m in Sources */ = {isa = PBXBuildFile; fileRef = C0F85B121A5FB3E700DC8901 /* NSString+PH.m */; };
		C0F85B161A5FB69100DC8901 /* NSData+PH.m in Sources */ = {isa = PBXBuildFile; fileRef = C0F85B151A5FB69100DC8901 /* NSData+PH.m */; };
		C0F85B191A5FBDD500DC8901 /* NSObject+PH.m in Sources */ = {isa = PBXBuildFile; fileRef = C0F85B181A5FBDD500DC8901 /* NSObject+PH.m */; };
		C0F85B1C1A5FBECD00DC8901 /* NSDictionary+PH.m in Sources */ = {isa = PBXBuildFile; fileRef = C0F85B1B1A5FBECD00DC8901 /* NSDictionary+PH.m */; };
/* End PBXBuildFile section */

/* Begin PBXContainerItemProxy section */
		C0CFB55B1A591E3C002C1589 /* PBXContainerItemProxy */ = {
			isa = PBXContainerItemProxy;
			containerPortal = C0CFB5391A591E3B002C1589 /* Project object */;
			proxyType = 1;
			remoteGlobalIDString = C0CFB5401A591E3B002C1589;
			remoteInfo = LazyCode;
		};
/* End PBXContainerItemProxy section */

/* Begin PBXFileReference section */
		5A82ABB40A10EDC06E3ED4C4 /* libPods.a */ = {isa = PBXFileReference; explicitFileType = archive.ar; includeInIndex = 0; path = libPods.a; sourceTree = BUILT_PRODUCTS_DIR; };
		C00D3B5D1A5C314C0025BFAF /* ViewController.h */ = {isa = PBXFileReference; fileEncoding = 4; lastKnownFileType = sourcecode.c.h; name = ViewController.h; path = LazyCode/MVC/Controller/ViewController.h; sourceTree = SOURCE_ROOT; };
		C00D3B5E1A5C314C0025BFAF /* ViewController.m */ = {isa = PBXFileReference; fileEncoding = 4; lastKnownFileType = sourcecode.c.objc; name = ViewController.m; path = LazyCode/MVC/Controller/ViewController.m; sourceTree = SOURCE_ROOT; };
		C013CFE41A6231880069D868 /* PHCache.h */ = {isa = PBXFileReference; fileEncoding = 4; lastKnownFileType = sourcecode.c.h; name = PHCache.h; path = Core/Cache/PHCache.h; sourceTree = "<group>"; };
		C013CFE51A6232310069D868 /* PHSandbox.h */ = {isa = PBXFileReference; fileEncoding = 4; lastKnownFileType = sourcecode.c.h; name = PHSandbox.h; path = Core/Foundation/System/PHSandbox.h; sourceTree = "<group>"; };
		C013CFE61A6232310069D868 /* PHSandbox.m */ = {isa = PBXFileReference; fileEncoding = 4; lastKnownFileType = sourcecode.c.objc; name = PHSandbox.m; path = Core/Foundation/System/PHSandbox.m; sourceTree = "<group>"; };
		C013CFE81A6237A90069D868 /* PHCacheProtocol.h */ = {isa = PBXFileReference; fileEncoding = 4; lastKnownFileType = sourcecode.c.h; name = PHCacheProtocol.h; path = Core/Cache/PHCacheProtocol.h; sourceTree = "<group>"; };
		C013CFE91A6263C20069D868 /* PHUserDefaults.h */ = {isa = PBXFileReference; fileEncoding = 4; lastKnownFileType = sourcecode.c.h; name = PHUserDefaults.h; path = Core/Cache/PHUserDefaults.h; sourceTree = "<group>"; };
		C013CFEA1A6263C20069D868 /* PHUserDefaults.m */ = {isa = PBXFileReference; fileEncoding = 4; lastKnownFileType = sourcecode.c.objc; name = PHUserDefaults.m; path = Core/Cache/PHUserDefaults.m; sourceTree = "<group>"; };
		C013CFEC1A6265920069D868 /* PHKeychain.h */ = {isa = PBXFileReference; fileEncoding = 4; lastKnownFileType = sourcecode.c.h; name = PHKeychain.h; path = Core/Cache/PHKeychain.h; sourceTree = "<group>"; };
		C013CFED1A6265920069D868 /* PHKeychain.m */ = {isa = PBXFileReference; fileEncoding = 4; lastKnownFileType = sourcecode.c.objc; name = PHKeychain.m; path = Core/Cache/PHKeychain.m; sourceTree = "<group>"; };
		C013CFEF1A6268FE0069D868 /* PHFileCache.h */ = {isa = PBXFileReference; fileEncoding = 4; lastKnownFileType = sourcecode.c.h; name = PHFileCache.h; path = Core/Cache/PHFileCache.h; sourceTree = "<group>"; };
		C013CFF01A6268FE0069D868 /* PHFileCache.m */ = {isa = PBXFileReference; fileEncoding = 4; lastKnownFileType = sourcecode.c.objc; name = PHFileCache.m; path = Core/Cache/PHFileCache.m; sourceTree = "<group>"; };
		C013CFF21A626A730069D868 /* PHMemoryCache.h */ = {isa = PBXFileReference; fileEncoding = 4; lastKnownFileType = sourcecode.c.h; name = PHMemoryCache.h; path = Core/Cache/PHMemoryCache.h; sourceTree = "<group>"; };
		C013CFF31A626A730069D868 /* PHMemoryCache.m */ = {isa = PBXFileReference; fileEncoding = 4; lastKnownFileType = sourcecode.c.objc; name = PHMemoryCache.m; path = Core/Cache/PHMemoryCache.m; sourceTree = "<group>"; };
		C016D99C1AF5CC8E00278BE0 /* UIButton+Indicator.h */ = {isa = PBXFileReference; fileEncoding = 4; lastKnownFileType = sourcecode.c.h; path = "UIButton+Indicator.h"; sourceTree = "<group>"; };
		C016D99D1AF5CC8E00278BE0 /* UIButton+Indicator.m */ = {isa = PBXFileReference; fileEncoding = 4; lastKnownFileType = sourcecode.c.objc; path = "UIButton+Indicator.m"; sourceTree = "<group>"; };
		C016D99F1AF5CD5A00278BE0 /* UIButton+CountDown.h */ = {isa = PBXFileReference; fileEncoding = 4; lastKnownFileType = sourcecode.c.h; path = "UIButton+CountDown.h"; sourceTree = "<group>"; };
		C016D9A01AF5CD5A00278BE0 /* UIButton+CountDown.m */ = {isa = PBXFileReference; fileEncoding = 4; lastKnownFileType = sourcecode.c.objc; path = "UIButton+CountDown.m"; sourceTree = "<group>"; };
		C016D9A21AF5CDFE00278BE0 /* PHButton.h */ = {isa = PBXFileReference; fileEncoding = 4; lastKnownFileType = sourcecode.c.h; path = PHButton.h; sourceTree = "<group>"; };
		C016D9A31AF5CE4E00278BE0 /* PHUIKitExtension.h */ = {isa = PBXFileReference; fileEncoding = 4; lastKnownFileType = sourcecode.c.h; path = PHUIKitExtension.h; sourceTree = "<group>"; };
		C016D9A41AF5CECC00278BE0 /* PHFoundationExtension.h */ = {isa = PBXFileReference; fileEncoding = 4; lastKnownFileType = sourcecode.c.h; path = PHFoundationExtension.h; sourceTree = "<group>"; };
		C016D9A51AF5D2CC00278BE0 /* UIButton+Badge.h */ = {isa = PBXFileReference; fileEncoding = 4; lastKnownFileType = sourcecode.c.h; path = "UIButton+Badge.h"; sourceTree = "<group>"; };
		C016D9A61AF5D2CC00278BE0 /* UIButton+Badge.m */ = {isa = PBXFileReference; fileEncoding = 4; lastKnownFileType = sourcecode.c.objc; path = "UIButton+Badge.m"; sourceTree = "<group>"; };
		C016D9AA1AF5D46700278BE0 /* UITextView+Placeholder.h */ = {isa = PBXFileReference; fileEncoding = 4; lastKnownFileType = sourcecode.c.h; path = "UITextView+Placeholder.h"; sourceTree = "<group>"; };
		C016D9AB1AF5D46700278BE0 /* UITextView+Placeholder.m */ = {isa = PBXFileReference; fileEncoding = 4; lastKnownFileType = sourcecode.c.objc; path = "UITextView+Placeholder.m"; sourceTree = "<group>"; };
		C034B6DD1A6BA4F40014E9A4 /* AFDownloadRequestOperation.h */ = {isa = PBXFileReference; fileEncoding = 4; lastKnownFileType = sourcecode.c.h; name = AFDownloadRequestOperation.h; path = Core/Network/AFDownloadRequestOperation.h; sourceTree = "<group>"; };
		C034B6DE1A6BA4F40014E9A4 /* AFDownloadRequestOperation.m */ = {isa = PBXFileReference; fileEncoding = 4; lastKnownFileType = sourcecode.c.objc; name = AFDownloadRequestOperation.m; path = Core/Network/AFDownloadRequestOperation.m; sourceTree = "<group>"; };
		C08B55EE1A8C90550057760E /* PHAutoCoding.h */ = {isa = PBXFileReference; fileEncoding = 4; lastKnownFileType = sourcecode.c.h; name = PHAutoCoding.h; path = Core/Cache/PHAutoCoding.h; sourceTree = "<group>"; };
		C08B55EF1A8C90550057760E /* PHAutoCoding.m */ = {isa = PBXFileReference; fileEncoding = 4; lastKnownFileType = sourcecode.c.objc; name = PHAutoCoding.m; path = Core/Cache/PHAutoCoding.m; sourceTree = "<group>"; };
		C08B55F31A8C90B10057760E /* SKSplashIcon.h */ = {isa = PBXFileReference; fileEncoding = 4; lastKnownFileType = sourcecode.c.h; path = SKSplashIcon.h; sourceTree = "<group>"; };
		C08B55F41A8C90B10057760E /* SKSplashIcon.m */ = {isa = PBXFileReference; fileEncoding = 4; lastKnownFileType = sourcecode.c.objc; path = SKSplashIcon.m; sourceTree = "<group>"; };
		C08B55F51A8C90B10057760E /* SKSplashView.h */ = {isa = PBXFileReference; fileEncoding = 4; lastKnownFileType = sourcecode.c.h; path = SKSplashView.h; sourceTree = "<group>"; };
		C08B55F61A8C90B10057760E /* SKSplashView.m */ = {isa = PBXFileReference; fileEncoding = 4; lastKnownFileType = sourcecode.c.objc; path = SKSplashView.m; sourceTree = "<group>"; };
		C08B55FA1A8C9A580057760E /* EAIntroPage.h */ = {isa = PBXFileReference; fileEncoding = 4; lastKnownFileType = sourcecode.c.h; path = EAIntroPage.h; sourceTree = "<group>"; };
		C08B55FB1A8C9A580057760E /* EAIntroPage.m */ = {isa = PBXFileReference; fileEncoding = 4; lastKnownFileType = sourcecode.c.objc; path = EAIntroPage.m; sourceTree = "<group>"; };
		C08B55FC1A8C9A580057760E /* EAIntroView.h */ = {isa = PBXFileReference; fileEncoding = 4; lastKnownFileType = sourcecode.c.h; path = EAIntroView.h; sourceTree = "<group>"; };
		C08B55FD1A8C9A580057760E /* EAIntroView.m */ = {isa = PBXFileReference; fileEncoding = 4; lastKnownFileType = sourcecode.c.objc; path = EAIntroView.m; sourceTree = "<group>"; };
		C09BE0541A5CC436005FC20F /* LazyCode-Prefix.pch */ = {isa = PBXFileReference; fileEncoding = 4; lastKnownFileType = sourcecode.c.h; path = "LazyCode-Prefix.pch"; sourceTree = "<group>"; };
		C0A5C50D1A5C302000E02C9F /* PHBaseView.h */ = {isa = PBXFileReference; fileEncoding = 4; lastKnownFileType = sourcecode.c.h; name = PHBaseView.h; path = BaseClass/PHBaseView.h; sourceTree = "<group>"; };
		C0A5C50E1A5C302000E02C9F /* PHBaseView.m */ = {isa = PBXFileReference; fileEncoding = 4; lastKnownFileType = sourcecode.c.objc; name = PHBaseView.m; path = BaseClass/PHBaseView.m; sourceTree = "<group>"; };
		C0A5C50F1A5C302000E02C9F /* PHBaseViewController.h */ = {isa = PBXFileReference; fileEncoding = 4; lastKnownFileType = sourcecode.c.h; name = PHBaseViewController.h; path = BaseClass/PHBaseViewController.h; sourceTree = "<group>"; };
		C0A5C5101A5C302000E02C9F /* PHBaseViewController.m */ = {isa = PBXFileReference; fileEncoding = 4; lastKnownFileType = sourcecode.c.objc; name = PHBaseViewController.m; path = BaseClass/PHBaseViewController.m; sourceTree = "<group>"; };
		C0A5FBA21AF64B600062AF35 /* PHTextView.h */ = {isa = PBXFileReference; fileEncoding = 4; lastKnownFileType = sourcecode.c.h; path = PHTextView.h; sourceTree = "<group>"; };
		C0A5FBA41AF65E680062AF35 /* UIColor+PH.h */ = {isa = PBXFileReference; fileEncoding = 4; lastKnownFileType = sourcecode.c.h; path = "UIColor+PH.h"; sourceTree = "<group>"; };
		C0A5FBA51AF65E680062AF35 /* UIColor+PH.m */ = {isa = PBXFileReference; fileEncoding = 4; lastKnownFileType = sourcecode.c.objc; path = "UIColor+PH.m"; sourceTree = "<group>"; };
		C0A5FBA71AF660920062AF35 /* UIButton+GetTableViewCellIndexPath.h */ = {isa = PBXFileReference; fileEncoding = 4; lastKnownFileType = sourcecode.c.h; path = "UIButton+GetTableViewCellIndexPath.h"; sourceTree = "<group>"; };
		C0A5FBA81AF660920062AF35 /* UIButton+GetTableViewCellIndexPath.m */ = {isa = PBXFileReference; fileEncoding = 4; lastKnownFileType = sourcecode.c.objc; path = "UIButton+GetTableViewCellIndexPath.m"; sourceTree = "<group>"; };
		C0CFB5411A591E3B002C1589 /* LazyCode.app */ = {isa = PBXFileReference; explicitFileType = wrapper.application; includeInIndex = 0; path = LazyCode.app; sourceTree = BUILT_PRODUCTS_DIR; };
		C0CFB5451A591E3B002C1589 /* Info.plist */ = {isa = PBXFileReference; lastKnownFileType = text.plist.xml; path = Info.plist; sourceTree = "<group>"; };
		C0CFB5461A591E3B002C1589 /* main.m */ = {isa = PBXFileReference; lastKnownFileType = sourcecode.c.objc; path = main.m; sourceTree = "<group>"; };
		C0CFB5481A591E3B002C1589 /* AppDelegate.h */ = {isa = PBXFileReference; lastKnownFileType = sourcecode.c.h; path = AppDelegate.h; sourceTree = "<group>"; };
		C0CFB5491A591E3B002C1589 /* AppDelegate.m */ = {isa = PBXFileReference; lastKnownFileType = sourcecode.c.objc; path = AppDelegate.m; sourceTree = "<group>"; };
		C0CFB54F1A591E3B002C1589 /* Base */ = {isa = PBXFileReference; lastKnownFileType = file.storyboard; name = Base; path = Base.lproj/Main.storyboard; sourceTree = "<group>"; };
		C0CFB5511A591E3B002C1589 /* Images.xcassets */ = {isa = PBXFileReference; lastKnownFileType = folder.assetcatalog; path = Images.xcassets; sourceTree = "<group>"; };
		C0CFB5541A591E3B002C1589 /* Base */ = {isa = PBXFileReference; lastKnownFileType = file.xib; name = Base; path = Base.lproj/LaunchScreen.xib; sourceTree = "<group>"; };
		C0CFB55A1A591E3C002C1589 /* LazyCodeTests.xctest */ = {isa = PBXFileReference; explicitFileType = wrapper.cfbundle; includeInIndex = 0; path = LazyCodeTests.xctest; sourceTree = BUILT_PRODUCTS_DIR; };
		C0CFB55F1A591E3C002C1589 /* Info.plist */ = {isa = PBXFileReference; lastKnownFileType = text.plist.xml; path = Info.plist; sourceTree = "<group>"; };
		C0CFB5601A591E3C002C1589 /* LazyCodeTests.m */ = {isa = PBXFileReference; lastKnownFileType = sourcecode.c.objc; path = LazyCodeTests.m; sourceTree = "<group>"; };
		C0E294D11A637B0600BDD7B9 /* PHNetWorkClient.h */ = {isa = PBXFileReference; fileEncoding = 4; lastKnownFileType = sourcecode.c.h; name = PHNetWorkClient.h; path = Core/Network/PHNetWorkClient.h; sourceTree = "<group>"; };
		C0E294D21A637B0600BDD7B9 /* PHNetWorkClient.m */ = {isa = PBXFileReference; fileEncoding = 4; lastKnownFileType = sourcecode.c.objc; name = PHNetWorkClient.m; path = Core/Network/PHNetWorkClient.m; sourceTree = "<group>"; };
		C0F85B0C1A5FB3D700DC8901 /* PHSystermInfo.h */ = {isa = PBXFileReference; fileEncoding = 4; lastKnownFileType = sourcecode.c.h; name = PHSystermInfo.h; path = Core/Foundation/System/PHSystermInfo.h; sourceTree = "<group>"; };
		C0F85B0D1A5FB3D700DC8901 /* PHSystermInfo.m */ = {isa = PBXFileReference; fileEncoding = 4; lastKnownFileType = sourcecode.c.objc; name = PHSystermInfo.m; path = Core/Foundation/System/PHSystermInfo.m; sourceTree = "<group>"; };
		C0F85B0E1A5FB3D700DC8901 /* PHMacroDefinition.h */ = {isa = PBXFileReference; fileEncoding = 4; lastKnownFileType = sourcecode.c.h; name = PHMacroDefinition.h; path = Core/Foundation/System/PHMacroDefinition.h; sourceTree = "<group>"; };
		C0F85B0F1A5FB3D700DC8901 /* PHFoundation.h */ = {isa = PBXFileReference; fileEncoding = 4; lastKnownFileType = sourcecode.c.h; name = PHFoundation.h; path = Core/Foundation/System/PHFoundation.h; sourceTree = "<group>"; };
		C0F85B111A5FB3E700DC8901 /* NSString+PH.h */ = {isa = PBXFileReference; fileEncoding = 4; lastKnownFileType = sourcecode.c.h; name = "NSString+PH.h"; path = "Core/Foundation/Extension/NSString+PH.h"; sourceTree = "<group>"; };
		C0F85B121A5FB3E700DC8901 /* NSString+PH.m */ = {isa = PBXFileReference; fileEncoding = 4; lastKnownFileType = sourcecode.c.objc; name = "NSString+PH.m"; path = "Core/Foundation/Extension/NSString+PH.m"; sourceTree = "<group>"; };
		C0F85B141A5FB69100DC8901 /* NSData+PH.h */ = {isa = PBXFileReference; fileEncoding = 4; lastKnownFileType = sourcecode.c.h; name = "NSData+PH.h"; path = "Core/Foundation/Extension/NSData+PH.h"; sourceTree = "<group>"; };
		C0F85B151A5FB69100DC8901 /* NSData+PH.m */ = {isa = PBXFileReference; fileEncoding = 4; lastKnownFileType = sourcecode.c.objc; name = "NSData+PH.m"; path = "Core/Foundation/Extension/NSData+PH.m"; sourceTree = "<group>"; };
		C0F85B171A5FBDD500DC8901 /* NSObject+PH.h */ = {isa = PBXFileReference; fileEncoding = 4; lastKnownFileType = sourcecode.c.h; name = "NSObject+PH.h"; path = "Core/Foundation/Extension/NSObject+PH.h"; sourceTree = "<group>"; };
		C0F85B181A5FBDD500DC8901 /* NSObject+PH.m */ = {isa = PBXFileReference; fileEncoding = 4; lastKnownFileType = sourcecode.c.objc; name = "NSObject+PH.m"; path = "Core/Foundation/Extension/NSObject+PH.m"; sourceTree = "<group>"; };
		C0F85B1A1A5FBECD00DC8901 /* NSDictionary+PH.h */ = {isa = PBXFileReference; fileEncoding = 4; lastKnownFileType = sourcecode.c.h; name = "NSDictionary+PH.h"; path = "Core/Foundation/Extension/NSDictionary+PH.h"; sourceTree = "<group>"; };
		C0F85B1B1A5FBECD00DC8901 /* NSDictionary+PH.m */ = {isa = PBXFileReference; fileEncoding = 4; lastKnownFileType = sourcecode.c.objc; name = "NSDictionary+PH.m"; path = "Core/Foundation/Extension/NSDictionary+PH.m"; sourceTree = "<group>"; };
		CEF52575EAC6E90F663C42EA /* Pods.release.xcconfig */ = {isa = PBXFileReference; includeInIndex = 1; lastKnownFileType = text.xcconfig; name = Pods.release.xcconfig; path = "Pods/Target Support Files/Pods/Pods.release.xcconfig"; sourceTree = "<group>"; };
		E622E63B75DC6ECF6F416547 /* Pods.debug.xcconfig */ = {isa = PBXFileReference; includeInIndex = 1; lastKnownFileType = text.xcconfig; name = Pods.debug.xcconfig; path = "Pods/Target Support Files/Pods/Pods.debug.xcconfig"; sourceTree = "<group>"; };
/* End PBXFileReference section */

/* Begin PBXFrameworksBuildPhase section */
		C0CFB53E1A591E3B002C1589 /* Frameworks */ = {
			isa = PBXFrameworksBuildPhase;
			buildActionMask = 2147483647;
			files = (
				5115FA7FF388224D608BF1AF /* libPods.a in Frameworks */,
			);
			runOnlyForDeploymentPostprocessing = 0;
		};
		C0CFB5571A591E3C002C1589 /* Frameworks */ = {
			isa = PBXFrameworksBuildPhase;
			buildActionMask = 2147483647;
			files = (
			);
			runOnlyForDeploymentPostprocessing = 0;
		};
/* End PBXFrameworksBuildPhase section */

/* Begin PBXGroup section */
		6F29D18521A5F9505CEBA46C /* Frameworks */ = {
			isa = PBXGroup;
			children = (
				5A82ABB40A10EDC06E3ED4C4 /* libPods.a */,
			);
			name = Frameworks;
			sourceTree = "<group>";
		};
		7F9EF29FE8B4FB93D471FB7E /* Pods */ = {
			isa = PBXGroup;
			children = (
				E622E63B75DC6ECF6F416547 /* Pods.debug.xcconfig */,
				CEF52575EAC6E90F663C42EA /* Pods.release.xcconfig */,
			);
			name = Pods;
			sourceTree = "<group>";
		};
		C013CFF51A626E9A0069D868 /* UIKit */ = {
			isa = PBXGroup;
			children = (
				C013CFF61A626EBD0069D868 /* Extension */,
			);
			name = UIKit;
			path = Core/UIKit;
			sourceTree = "<group>";
		};
		C013CFF61A626EBD0069D868 /* Extension */ = {
			isa = PBXGroup;
			children = (
				C0A5FBA31AF65D240062AF35 /* PHColor */,
				C016D9A91AF5D45800278BE0 /* PHTextView */,
				C016D9981AF5CC7100278BE0 /* PHButton */,
				C016D9A31AF5CE4E00278BE0 /* PHUIKitExtension.h */,
			);
			path = Extension;
			sourceTree = "<group>";
		};
		C016D9981AF5CC7100278BE0 /* PHButton */ = {
			isa = PBXGroup;
			children = (
				C016D9A21AF5CDFE00278BE0 /* PHButton.h */,
				C016D99C1AF5CC8E00278BE0 /* UIButton+Indicator.h */,
				C016D99D1AF5CC8E00278BE0 /* UIButton+Indicator.m */,
				C016D99F1AF5CD5A00278BE0 /* UIButton+CountDown.h */,
				C016D9A01AF5CD5A00278BE0 /* UIButton+CountDown.m */,
				C016D9A51AF5D2CC00278BE0 /* UIButton+Badge.h */,
				C016D9A61AF5D2CC00278BE0 /* UIButton+Badge.m */,
				C0A5FBA71AF660920062AF35 /* UIButton+GetTableViewCellIndexPath.h */,
				C0A5FBA81AF660920062AF35 /* UIButton+GetTableViewCellIndexPath.m */,
			);
			path = PHButton;
			sourceTree = "<group>";
		};
		C016D9A91AF5D45800278BE0 /* PHTextView */ = {
			isa = PBXGroup;
			children = (
				C016D9AA1AF5D46700278BE0 /* UITextView+Placeholder.h */,
				C016D9AB1AF5D46700278BE0 /* UITextView+Placeholder.m */,
				C0A5FBA21AF64B600062AF35 /* PHTextView.h */,
			);
			path = PHTextView;
			sourceTree = "<group>";
		};
		C08B55F11A8C90B10057760E /* ThirdParty */ = {
			isa = PBXGroup;
			children = (
				C08B55F91A8C9A580057760E /* EAIntroView */,
				C08B55F21A8C90B10057760E /* SKSplashView */,
			);
			path = ThirdParty;
			sourceTree = "<group>";
		};
		C08B55F21A8C90B10057760E /* SKSplashView */ = {
			isa = PBXGroup;
			children = (
				C08B55F31A8C90B10057760E /* SKSplashIcon.h */,
				C08B55F41A8C90B10057760E /* SKSplashIcon.m */,
				C08B55F51A8C90B10057760E /* SKSplashView.h */,
				C08B55F61A8C90B10057760E /* SKSplashView.m */,
			);
			path = SKSplashView;
			sourceTree = "<group>";
		};
		C08B55F91A8C9A580057760E /* EAIntroView */ = {
			isa = PBXGroup;
			children = (
				C08B55FA1A8C9A580057760E /* EAIntroPage.h */,
				C08B55FB1A8C9A580057760E /* EAIntroPage.m */,
				C08B55FC1A8C9A580057760E /* EAIntroView.h */,
				C08B55FD1A8C9A580057760E /* EAIntroView.m */,
			);
			path = EAIntroView;
			sourceTree = "<group>";
		};
		C0A5FBA31AF65D240062AF35 /* PHColor */ = {
			isa = PBXGroup;
			children = (
				C0A5FBA41AF65E680062AF35 /* UIColor+PH.h */,
				C0A5FBA51AF65E680062AF35 /* UIColor+PH.m */,
			);
			path = PHColor;
			sourceTree = "<group>";
		};
		C0CFB5381A591E3B002C1589 = {
			isa = PBXGroup;
			children = (
				C0CFB5431A591E3B002C1589 /* LazyCode */,
				C0CFB55D1A591E3C002C1589 /* LazyCodeTests */,
				C0CFB5421A591E3B002C1589 /* Products */,
				7F9EF29FE8B4FB93D471FB7E /* Pods */,
				6F29D18521A5F9505CEBA46C /* Frameworks */,
			);
			sourceTree = "<group>";
		};
		C0CFB5421A591E3B002C1589 /* Products */ = {
			isa = PBXGroup;
			children = (
				C0CFB5411A591E3B002C1589 /* LazyCode.app */,
				C0CFB55A1A591E3C002C1589 /* LazyCodeTests.xctest */,
			);
			name = Products;
			sourceTree = "<group>";
		};
		C0CFB5431A591E3B002C1589 /* LazyCode */ = {
			isa = PBXGroup;
			children = (
				C08B55F11A8C90B10057760E /* ThirdParty */,
				C0CFB5771A5931C4002C1589 /* BaseClass */,
				C0CFB5711A592DF4002C1589 /* Core */,
				C0CFB5701A592D90002C1589 /* MVC */,
				C0CFB5441A591E3B002C1589 /* Supporting Files */,
			);
			path = LazyCode;
			sourceTree = "<group>";
		};
		C0CFB5441A591E3B002C1589 /* Supporting Files */ = {
			isa = PBXGroup;
			children = (
				C0CFB54E1A591E3B002C1589 /* Main.storyboard */,
				C0CFB5511A591E3B002C1589 /* Images.xcassets */,
				C0CFB5531A591E3B002C1589 /* LaunchScreen.xib */,
				C0CFB5481A591E3B002C1589 /* AppDelegate.h */,
				C0CFB5491A591E3B002C1589 /* AppDelegate.m */,
				C0CFB5451A591E3B002C1589 /* Info.plist */,
				C0CFB5461A591E3B002C1589 /* main.m */,
				C09BE0541A5CC436005FC20F /* LazyCode-Prefix.pch */,
			);
			name = "Supporting Files";
			sourceTree = "<group>";
		};
		C0CFB55D1A591E3C002C1589 /* LazyCodeTests */ = {
			isa = PBXGroup;
			children = (
				C0CFB5601A591E3C002C1589 /* LazyCodeTests.m */,
				C0CFB55E1A591E3C002C1589 /* Supporting Files */,
			);
			path = LazyCodeTests;
			sourceTree = "<group>";
		};
		C0CFB55E1A591E3C002C1589 /* Supporting Files */ = {
			isa = PBXGroup;
			children = (
				C0CFB55F1A591E3C002C1589 /* Info.plist */,
			);
			name = "Supporting Files";
			sourceTree = "<group>";
		};
		C0CFB56A1A592C98002C1589 /* Controller */ = {
			isa = PBXGroup;
			children = (
				C00D3B5D1A5C314C0025BFAF /* ViewController.h */,
				C00D3B5E1A5C314C0025BFAF /* ViewController.m */,
			);
			path = Controller;
			sourceTree = "<group>";
		};
		C0CFB56E1A592CDD002C1589 /* Model */ = {
			isa = PBXGroup;
			children = (
			);
			path = Model;
			sourceTree = "<group>";
		};
		C0CFB56F1A592CDD002C1589 /* View */ = {
			isa = PBXGroup;
			children = (
			);
			path = View;
			sourceTree = "<group>";
		};
		C0CFB5701A592D90002C1589 /* MVC */ = {
			isa = PBXGroup;
			children = (
				C0CFB56E1A592CDD002C1589 /* Model */,
				C0CFB56F1A592CDD002C1589 /* View */,
				C0CFB56A1A592C98002C1589 /* Controller */,
			);
			name = MVC;
			sourceTree = "<group>";
		};
		C0CFB5711A592DF4002C1589 /* Core */ = {
			isa = PBXGroup;
			children = (
				C013CFF51A626E9A0069D868 /* UIKit */,
				C0CFB5741A593053002C1589 /* Foundation */,
				C0CFB5731A592ECC002C1589 /* Network */,
				C0CFB5721A592EC5002C1589 /* Cache */,
			);
			name = Core;
			sourceTree = "<group>";
		};
		C0CFB5721A592EC5002C1589 /* Cache */ = {
			isa = PBXGroup;
			children = (
				C013CFE41A6231880069D868 /* PHCache.h */,
				C013CFE81A6237A90069D868 /* PHCacheProtocol.h */,
				C013CFE91A6263C20069D868 /* PHUserDefaults.h */,
				C013CFEA1A6263C20069D868 /* PHUserDefaults.m */,
				C013CFEC1A6265920069D868 /* PHKeychain.h */,
				C013CFED1A6265920069D868 /* PHKeychain.m */,
				C013CFEF1A6268FE0069D868 /* PHFileCache.h */,
				C013CFF01A6268FE0069D868 /* PHFileCache.m */,
				C013CFF21A626A730069D868 /* PHMemoryCache.h */,
				C013CFF31A626A730069D868 /* PHMemoryCache.m */,
				C08B55EE1A8C90550057760E /* PHAutoCoding.h */,
				C08B55EF1A8C90550057760E /* PHAutoCoding.m */,
			);
			name = Cache;
			sourceTree = "<group>";
		};
		C0CFB5731A592ECC002C1589 /* Network */ = {
			isa = PBXGroup;
			children = (
				C034B6DD1A6BA4F40014E9A4 /* AFDownloadRequestOperation.h */,
				C034B6DE1A6BA4F40014E9A4 /* AFDownloadRequestOperation.m */,
				C0E294D11A637B0600BDD7B9 /* PHNetWorkClient.h */,
				C0E294D21A637B0600BDD7B9 /* PHNetWorkClient.m */,
			);
			name = Network;
			sourceTree = "<group>";
		};
		C0CFB5741A593053002C1589 /* Foundation */ = {
			isa = PBXGroup;
			children = (
				C0CFB5761A593100002C1589 /* System */,
				C0CFB5751A59308A002C1589 /* Extension */,
			);
			name = Foundation;
			sourceTree = "<group>";
		};
		C0CFB5751A59308A002C1589 /* Extension */ = {
			isa = PBXGroup;
			children = (
				C0F85B111A5FB3E700DC8901 /* NSString+PH.h */,
				C0F85B121A5FB3E700DC8901 /* NSString+PH.m */,
				C0F85B141A5FB69100DC8901 /* NSData+PH.h */,
				C0F85B151A5FB69100DC8901 /* NSData+PH.m */,
				C0F85B171A5FBDD500DC8901 /* NSObject+PH.h */,
				C0F85B181A5FBDD500DC8901 /* NSObject+PH.m */,
				C0F85B1A1A5FBECD00DC8901 /* NSDictionary+PH.h */,
				C0F85B1B1A5FBECD00DC8901 /* NSDictionary+PH.m */,
				C016D9A41AF5CECC00278BE0 /* PHFoundationExtension.h */,
			);
			name = Extension;
			sourceTree = "<group>";
		};
		C0CFB5761A593100002C1589 /* System */ = {
			isa = PBXGroup;
			children = (
				C0F85B0C1A5FB3D700DC8901 /* PHSystermInfo.h */,
				C0F85B0D1A5FB3D700DC8901 /* PHSystermInfo.m */,
				C0F85B0E1A5FB3D700DC8901 /* PHMacroDefinition.h */,
				C0F85B0F1A5FB3D700DC8901 /* PHFoundation.h */,
				C013CFE51A6232310069D868 /* PHSandbox.h */,
				C013CFE61A6232310069D868 /* PHSandbox.m */,
			);
			name = System;
			sourceTree = "<group>";
		};
		C0CFB5771A5931C4002C1589 /* BaseClass */ = {
			isa = PBXGroup;
			children = (
				C0A5C50D1A5C302000E02C9F /* PHBaseView.h */,
				C0A5C50E1A5C302000E02C9F /* PHBaseView.m */,
				C0A5C50F1A5C302000E02C9F /* PHBaseViewController.h */,
				C0A5C5101A5C302000E02C9F /* PHBaseViewController.m */,
			);
			name = BaseClass;
			sourceTree = "<group>";
		};
/* End PBXGroup section */

/* Begin PBXNativeTarget section */
		C0CFB5401A591E3B002C1589 /* LazyCode */ = {
			isa = PBXNativeTarget;
			buildConfigurationList = C0CFB5641A591E3C002C1589 /* Build configuration list for PBXNativeTarget "LazyCode" */;
			buildPhases = (
				58B02D492B9DC2D6532E7EF8 /* Check Pods Manifest.lock */,
				C0CFB53D1A591E3B002C1589 /* Sources */,
				C0CFB53E1A591E3B002C1589 /* Frameworks */,
				C0CFB53F1A591E3B002C1589 /* Resources */,
				92A1E3BC7575AE012B41376E /* Copy Pods Resources */,
			);
			buildRules = (
			);
			dependencies = (
			);
			name = LazyCode;
			productName = LazyCode;
			productReference = C0CFB5411A591E3B002C1589 /* LazyCode.app */;
			productType = "com.apple.product-type.application";
		};
		C0CFB5591A591E3C002C1589 /* LazyCodeTests */ = {
			isa = PBXNativeTarget;
			buildConfigurationList = C0CFB5671A591E3C002C1589 /* Build configuration list for PBXNativeTarget "LazyCodeTests" */;
			buildPhases = (
				C0CFB5561A591E3C002C1589 /* Sources */,
				C0CFB5571A591E3C002C1589 /* Frameworks */,
				C0CFB5581A591E3C002C1589 /* Resources */,
			);
			buildRules = (
			);
			dependencies = (
				C0CFB55C1A591E3C002C1589 /* PBXTargetDependency */,
			);
			name = LazyCodeTests;
			productName = LazyCodeTests;
			productReference = C0CFB55A1A591E3C002C1589 /* LazyCodeTests.xctest */;
			productType = "com.apple.product-type.bundle.unit-test";
		};
/* End PBXNativeTarget section */

/* Begin PBXProject section */
		C0CFB5391A591E3B002C1589 /* Project object */ = {
			isa = PBXProject;
			attributes = {
				LastUpgradeCheck = 0610;
				ORGANIZATIONNAME = penghe;
				TargetAttributes = {
					C0CFB5401A591E3B002C1589 = {
						CreatedOnToolsVersion = 6.1.1;
						DevelopmentTeam = TFEY5JV6HS;
					};
					C0CFB5591A591E3C002C1589 = {
						CreatedOnToolsVersion = 6.1.1;
						TestTargetID = C0CFB5401A591E3B002C1589;
					};
				};
			};
			buildConfigurationList = C0CFB53C1A591E3B002C1589 /* Build configuration list for PBXProject "LazyCode" */;
			compatibilityVersion = "Xcode 3.2";
			developmentRegion = English;
			hasScannedForEncodings = 0;
			knownRegions = (
				en,
				Base,
			);
			mainGroup = C0CFB5381A591E3B002C1589;
			productRefGroup = C0CFB5421A591E3B002C1589 /* Products */;
			projectDirPath = "";
			projectRoot = "";
			targets = (
				C0CFB5401A591E3B002C1589 /* LazyCode */,
				C0CFB5591A591E3C002C1589 /* LazyCodeTests */,
			);
		};
/* End PBXProject section */

/* Begin PBXResourcesBuildPhase section */
		C0CFB53F1A591E3B002C1589 /* Resources */ = {
			isa = PBXResourcesBuildPhase;
			buildActionMask = 2147483647;
			files = (
				C0CFB5501A591E3B002C1589 /* Main.storyboard in Resources */,
				C0CFB5551A591E3B002C1589 /* LaunchScreen.xib in Resources */,
				C0CFB5521A591E3B002C1589 /* Images.xcassets in Resources */,
			);
			runOnlyForDeploymentPostprocessing = 0;
		};
		C0CFB5581A591E3C002C1589 /* Resources */ = {
			isa = PBXResourcesBuildPhase;
			buildActionMask = 2147483647;
			files = (
			);
			runOnlyForDeploymentPostprocessing = 0;
		};
/* End PBXResourcesBuildPhase section */

/* Begin PBXShellScriptBuildPhase section */
		58B02D492B9DC2D6532E7EF8 /* Check Pods Manifest.lock */ = {
			isa = PBXShellScriptBuildPhase;
			buildActionMask = 2147483647;
			files = (
			);
			inputPaths = (
			);
			name = "Check Pods Manifest.lock";
			outputPaths = (
			);
			runOnlyForDeploymentPostprocessing = 0;
			shellPath = /bin/sh;
			shellScript = "diff \"${PODS_ROOT}/../Podfile.lock\" \"${PODS_ROOT}/Manifest.lock\" > /dev/null\nif [[ $? != 0 ]] ; then\n    cat << EOM\nerror: The sandbox is not in sync with the Podfile.lock. Run 'pod install' or update your CocoaPods installation.\nEOM\n    exit 1\nfi\n";
			showEnvVarsInLog = 0;
		};
		92A1E3BC7575AE012B41376E /* Copy Pods Resources */ = {
			isa = PBXShellScriptBuildPhase;
			buildActionMask = 2147483647;
			files = (
			);
			inputPaths = (
			);
			name = "Copy Pods Resources";
			outputPaths = (
			);
			runOnlyForDeploymentPostprocessing = 0;
			shellPath = /bin/sh;
			shellScript = "\"${SRCROOT}/Pods/Target Support Files/Pods/Pods-resources.sh\"\n";
			showEnvVarsInLog = 0;
		};
/* End PBXShellScriptBuildPhase section */

/* Begin PBXSourcesBuildPhase section */
		C0CFB53D1A591E3B002C1589 /* Sources */ = {
			isa = PBXSourcesBuildPhase;
			buildActionMask = 2147483647;
			files = (
				C00D3B5F1A5C314C0025BFAF /* ViewController.m in Sources */,
				C016D9AC1AF5D46700278BE0 /* UITextView+Placeholder.m in Sources */,
				C0F85B131A5FB3E700DC8901 /* NSString+PH.m in Sources */,
				C013CFE71A6232310069D868 /* PHSandbox.m in Sources */,
				C0CFB54A1A591E3B002C1589 /* AppDelegate.m in Sources */,
				C0A5C5111A5C302000E02C9F /* PHBaseView.m in Sources */,
				C016D9A11AF5CD5A00278BE0 /* UIButton+CountDown.m in Sources */,
				C08B55F81A8C90B10057760E /* SKSplashView.m in Sources */,
				C08B55F01A8C90550057760E /* PHAutoCoding.m in Sources */,
				C0F85B1C1A5FBECD00DC8901 /* NSDictionary+PH.m in Sources */,
				C034B6DF1A6BA4F40014E9A4 /* AFDownloadRequestOperation.m in Sources */,
				C0F85B161A5FB69100DC8901 /* NSData+PH.m in Sources */,
				C0A5FBA91AF660920062AF35 /* UIButton+GetTableViewCellIndexPath.m in Sources */,
				C016D99E1AF5CC8E00278BE0 /* UIButton+Indicator.m in Sources */,
				C0CFB5471A591E3B002C1589 /* main.m in Sources */,
				C08B55F71A8C90B10057760E /* SKSplashIcon.m in Sources */,
				C0A5C5121A5C302000E02C9F /* PHBaseViewController.m in Sources */,
				C0F85B191A5FBDD500DC8901 /* NSObject+PH.m in Sources */,
				C0A5FBA61AF65E680062AF35 /* UIColor+PH.m in Sources */,
				C08B55FE1A8C9A580057760E /* EAIntroPage.m in Sources */,
				C016D9A71AF5D2CC00278BE0 /* UIButton+Badge.m in Sources */,
				C013CFF11A6268FE0069D868 /* PHFileCache.m in Sources */,
				C013CFEB1A6263C20069D868 /* PHUserDefaults.m in Sources */,
				C0F85B101A5FB3D700DC8901 /* PHSystermInfo.m in Sources */,
				C0E294D31A637B0600BDD7B9 /* PHNetWorkClient.m in Sources */,
				C013CFF41A626A730069D868 /* PHMemoryCache.m in Sources */,
				C013CFEE1A6265920069D868 /* PHKeychain.m in Sources */,
				C08B55FF1A8C9A580057760E /* EAIntroView.m in Sources */,
			);
			runOnlyForDeploymentPostprocessing = 0;
		};
		C0CFB5561A591E3C002C1589 /* Sources */ = {
			isa = PBXSourcesBuildPhase;
			buildActionMask = 2147483647;
			files = (
				C0CFB5611A591E3C002C1589 /* LazyCodeTests.m in Sources */,
			);
			runOnlyForDeploymentPostprocessing = 0;
		};
/* End PBXSourcesBuildPhase section */

/* Begin PBXTargetDependency section */
		C0CFB55C1A591E3C002C1589 /* PBXTargetDependency */ = {
			isa = PBXTargetDependency;
			target = C0CFB5401A591E3B002C1589 /* LazyCode */;
			targetProxy = C0CFB55B1A591E3C002C1589 /* PBXContainerItemProxy */;
		};
/* End PBXTargetDependency section */

/* Begin PBXVariantGroup section */
		C0CFB54E1A591E3B002C1589 /* Main.storyboard */ = {
			isa = PBXVariantGroup;
			children = (
				C0CFB54F1A591E3B002C1589 /* Base */,
			);
			name = Main.storyboard;
			sourceTree = "<group>";
		};
		C0CFB5531A591E3B002C1589 /* LaunchScreen.xib */ = {
			isa = PBXVariantGroup;
			children = (
				C0CFB5541A591E3B002C1589 /* Base */,
			);
			name = LaunchScreen.xib;
			sourceTree = "<group>";
		};
/* End PBXVariantGroup section */

/* Begin XCBuildConfiguration section */
		C0CFB5621A591E3C002C1589 /* Debug */ = {
			isa = XCBuildConfiguration;
			buildSettings = {
				ALWAYS_SEARCH_USER_PATHS = NO;
				CLANG_CXX_LANGUAGE_STANDARD = "gnu++0x";
				CLANG_CXX_LIBRARY = "libc++";
				CLANG_ENABLE_MODULES = YES;
				CLANG_ENABLE_OBJC_ARC = YES;
				CLANG_WARN_BOOL_CONVERSION = YES;
				CLANG_WARN_CONSTANT_CONVERSION = YES;
				CLANG_WARN_DIRECT_OBJC_ISA_USAGE = YES_ERROR;
				CLANG_WARN_EMPTY_BODY = YES;
				CLANG_WARN_ENUM_CONVERSION = YES;
				CLANG_WARN_INT_CONVERSION = YES;
				CLANG_WARN_OBJC_ROOT_CLASS = YES_ERROR;
				CLANG_WARN_UNREACHABLE_CODE = YES;
				CLANG_WARN__DUPLICATE_METHOD_MATCH = YES;
				"CODE_SIGN_IDENTITY[sdk=iphoneos*]" = "iPhone Developer";
				COPY_PHASE_STRIP = NO;
				ENABLE_STRICT_OBJC_MSGSEND = YES;
				GCC_C_LANGUAGE_STANDARD = gnu99;
				GCC_DYNAMIC_NO_PIC = NO;
				GCC_OPTIMIZATION_LEVEL = 0;
				GCC_PREPROCESSOR_DEFINITIONS = (
					"DEBUG=1",
					"$(inherited)",
				);
				GCC_SYMBOLS_PRIVATE_EXTERN = NO;
				GCC_WARN_64_TO_32_BIT_CONVERSION = YES;
				GCC_WARN_ABOUT_RETURN_TYPE = YES_ERROR;
				GCC_WARN_UNDECLARED_SELECTOR = YES;
				GCC_WARN_UNINITIALIZED_AUTOS = YES_AGGRESSIVE;
				GCC_WARN_UNUSED_FUNCTION = YES;
				GCC_WARN_UNUSED_VARIABLE = YES;
				IPHONEOS_DEPLOYMENT_TARGET = 8.1;
				MTL_ENABLE_DEBUG_INFO = YES;
				ONLY_ACTIVE_ARCH = YES;
				SDKROOT = iphoneos;
			};
			name = Debug;
		};
		C0CFB5631A591E3C002C1589 /* Release */ = {
			isa = XCBuildConfiguration;
			buildSettings = {
				ALWAYS_SEARCH_USER_PATHS = NO;
				CLANG_CXX_LANGUAGE_STANDARD = "gnu++0x";
				CLANG_CXX_LIBRARY = "libc++";
				CLANG_ENABLE_MODULES = YES;
				CLANG_ENABLE_OBJC_ARC = YES;
				CLANG_WARN_BOOL_CONVERSION = YES;
				CLANG_WARN_CONSTANT_CONVERSION = YES;
				CLANG_WARN_DIRECT_OBJC_ISA_USAGE = YES_ERROR;
				CLANG_WARN_EMPTY_BODY = YES;
				CLANG_WARN_ENUM_CONVERSION = YES;
				CLANG_WARN_INT_CONVERSION = YES;
				CLANG_WARN_OBJC_ROOT_CLASS = YES_ERROR;
				CLANG_WARN_UNREACHABLE_CODE = YES;
				CLANG_WARN__DUPLICATE_METHOD_MATCH = YES;
				"CODE_SIGN_IDENTITY[sdk=iphoneos*]" = "iPhone Developer";
				COPY_PHASE_STRIP = YES;
				ENABLE_NS_ASSERTIONS = NO;
				ENABLE_STRICT_OBJC_MSGSEND = YES;
				GCC_C_LANGUAGE_STANDARD = gnu99;
				GCC_WARN_64_TO_32_BIT_CONVERSION = YES;
				GCC_WARN_ABOUT_RETURN_TYPE = YES_ERROR;
				GCC_WARN_UNDECLARED_SELECTOR = YES;
				GCC_WARN_UNINITIALIZED_AUTOS = YES_AGGRESSIVE;
				GCC_WARN_UNUSED_FUNCTION = YES;
				GCC_WARN_UNUSED_VARIABLE = YES;
				IPHONEOS_DEPLOYMENT_TARGET = 8.1;
				MTL_ENABLE_DEBUG_INFO = NO;
				SDKROOT = iphoneos;
				VALIDATE_PRODUCT = YES;
			};
			name = Release;
		};
		C0CFB5651A591E3C002C1589 /* Debug */ = {
			isa = XCBuildConfiguration;
			baseConfigurationReference = E622E63B75DC6ECF6F416547 /* Pods.debug.xcconfig */;
			buildSettings = {
				ASSETCATALOG_COMPILER_APPICON_NAME = AppIcon;
				CODE_SIGN_IDENTITY = "iPhone Developer";
				"CODE_SIGN_IDENTITY[sdk=iphoneos*]" = "iPhone Developer";
				GCC_PREFIX_HEADER = "$(SRCROOT)/LazyCode/LazyCode-Prefix.pch";
				INFOPLIST_FILE = LazyCode/Info.plist;
				IPHONEOS_DEPLOYMENT_TARGET = 6.0;
				LD_RUNPATH_SEARCH_PATHS = "$(inherited) @executable_path/Frameworks";
				PRODUCT_NAME = "$(TARGET_NAME)";
				PROVISIONING_PROFILE = "39c31018-202f-466b-9ff9-ac5e44d28336";
			};
			name = Debug;
		};
		C0CFB5661A591E3C002C1589 /* Release */ = {
			isa = XCBuildConfiguration;
			baseConfigurationReference = CEF52575EAC6E90F663C42EA /* Pods.release.xcconfig */;
			buildSettings = {
				ASSETCATALOG_COMPILER_APPICON_NAME = AppIcon;
				CODE_SIGN_IDENTITY = "iPhone Developer";
				"CODE_SIGN_IDENTITY[sdk=iphoneos*]" = "iPhone Developer";
				GCC_PREFIX_HEADER = "$(SRCROOT)/LazyCode/LazyCode-Prefix.pch";
				INFOPLIST_FILE = LazyCode/Info.plist;
				IPHONEOS_DEPLOYMENT_TARGET = 6.0;
				LD_RUNPATH_SEARCH_PATHS = "$(inherited) @executable_path/Frameworks";
				PRODUCT_NAME = "$(TARGET_NAME)";
				PROVISIONING_PROFILE = "39c31018-202f-466b-9ff9-ac5e44d28336";
			};
			name = Release;
		};
		C0CFB5681A591E3C002C1589 /* Debug */ = {
			isa = XCBuildConfiguration;
			buildSettings = {
				BUNDLE_LOADER = "$(TEST_HOST)";
				FRAMEWORK_SEARCH_PATHS = (
					"$(SDKROOT)/Developer/Library/Frameworks",
					"$(inherited)",
				);
				GCC_PREPROCESSOR_DEFINITIONS = (
					"DEBUG=1",
					"$(inherited)",
				);
				INFOPLIST_FILE = LazyCodeTests/Info.plist;
				LD_RUNPATH_SEARCH_PATHS = "$(inherited) @executable_path/Frameworks @loader_path/Frameworks";
				PRODUCT_NAME = "$(TARGET_NAME)";
				TEST_HOST = "$(BUILT_PRODUCTS_DIR)/LazyCode.app/LazyCode";
			};
			name = Debug;
		};
		C0CFB5691A591E3C002C1589 /* Release */ = {
			isa = XCBuildConfiguration;
			buildSettings = {
				BUNDLE_LOADER = "$(TEST_HOST)";
				FRAMEWORK_SEARCH_PATHS = (
					"$(SDKROOT)/Developer/Library/Frameworks",
					"$(inherited)",
				);
				INFOPLIST_FILE = LazyCodeTests/Info.plist;
				LD_RUNPATH_SEARCH_PATHS = "$(inherited) @executable_path/Frameworks @loader_path/Frameworks";
				PRODUCT_NAME = "$(TARGET_NAME)";
				TEST_HOST = "$(BUILT_PRODUCTS_DIR)/LazyCode.app/LazyCode";
			};
			name = Release;
		};
/* End XCBuildConfiguration section */

/* Begin XCConfigurationList section */
		C0CFB53C1A591E3B002C1589 /* Build configuration list for PBXProject "LazyCode" */ = {
			isa = XCConfigurationList;
			buildConfigurations = (
				C0CFB5621A591E3C002C1589 /* Debug */,
				C0CFB5631A591E3C002C1589 /* Release */,
			);
			defaultConfigurationIsVisible = 0;
			defaultConfigurationName = Release;
		};
		C0CFB5641A591E3C002C1589 /* Build configuration list for PBXNativeTarget "LazyCode" */ = {
			isa = XCConfigurationList;
			buildConfigurations = (
				C0CFB5651A591E3C002C1589 /* Debug */,
				C0CFB5661A591E3C002C1589 /* Release */,
			);
			defaultConfigurationIsVisible = 0;
			defaultConfigurationName = Release;
		};
		C0CFB5671A591E3C002C1589 /* Build configuration list for PBXNativeTarget "LazyCodeTests" */ = {
			isa = XCConfigurationList;
			buildConfigurations = (
				C0CFB5681A591E3C002C1589 /* Debug */,
				C0CFB5691A591E3C002C1589 /* Release */,
			);
			defaultConfigurationIsVisible = 0;
			defaultConfigurationName = Release;
		};
/* End XCConfigurationList section */
	};
	rootObject = C0CFB5391A591E3B002C1589 /* Project object */;
}
