// !$*UTF8*$!
{
	archiveVersion = 1;
	classes = {
	};
	objectVersion = 46;
	objects = {

/* Begin PBXBuildFile section */
		5115FA7FF388224D608BF1AF /* libPods.a in Frameworks */ = {isa = PBXBuildFile; fileRef = 5A82ABB40A10EDC06E3ED4C4 /* libPods.a */; };
		C008678E1A5CBEB400CB8CCB /* PHSystermInfo.m in Sources */ = {isa = PBXBuildFile; fileRef = C008678D1A5CBEB400CB8CCB /* PHSystermInfo.m */; };
		C00D3B5F1A5C314C0025BFAF /* ViewController.m in Sources */ = {isa = PBXBuildFile; fileRef = C00D3B5E1A5C314C0025BFAF /* ViewController.m */; };
		C0A5C5111A5C302000E02C9F /* PHBaseView.m in Sources */ = {isa = PBXBuildFile; fileRef = C0A5C50E1A5C302000E02C9F /* PHBaseView.m */; };
		C0A5C5121A5C302000E02C9F /* PHBaseViewController.m in Sources */ = {isa = PBXBuildFile; fileRef = C0A5C5101A5C302000E02C9F /* PHBaseViewController.m */; };
		C0CFB5471A591E3B002C1589 /* main.m in Sources */ = {isa = PBXBuildFile; fileRef = C0CFB5461A591E3B002C1589 /* main.m */; };
		C0CFB54A1A591E3B002C1589 /* AppDelegate.m in Sources */ = {isa = PBXBuildFile; fileRef = C0CFB5491A591E3B002C1589 /* AppDelegate.m */; };
		C0CFB5501A591E3B002C1589 /* Main.storyboard in Resources */ = {isa = PBXBuildFile; fileRef = C0CFB54E1A591E3B002C1589 /* Main.storyboard */; };
		C0CFB5521A591E3B002C1589 /* Images.xcassets in Resources */ = {isa = PBXBuildFile; fileRef = C0CFB5511A591E3B002C1589 /* Images.xcassets */; };
		C0CFB5551A591E3B002C1589 /* LaunchScreen.xib in Resources */ = {isa = PBXBuildFile; fileRef = C0CFB5531A591E3B002C1589 /* LaunchScreen.xib */; };
		C0CFB5611A591E3C002C1589 /* LazyCodeTests.m in Sources */ = {isa = PBXBuildFile; fileRef = C0CFB5601A591E3C002C1589 /* LazyCodeTests.m */; };
/* End PBXBuildFile section */

/* Begin PBXContainerItemProxy section */
		C0CFB55B1A591E3C002C1589 /* PBXContainerItemProxy */ = {
			isa = PBXContainerItemProxy;
			containerPortal = C0CFB5391A591E3B002C1589 /* Project object */;
			proxyType = 1;
			remoteGlobalIDString = C0CFB5401A591E3B002C1589;
			remoteInfo = LazyCode;
		};
/* End PBXContainerItemProxy section */

/* Begin PBXFileReference section */
		5A82ABB40A10EDC06E3ED4C4 /* libPods.a */ = {isa = PBXFileReference; explicitFileType = archive.ar; includeInIndex = 0; path = libPods.a; sourceTree = BUILT_PRODUCTS_DIR; };
		C008678C1A5CBEB400CB8CCB /* PHSystermInfo.h */ = {isa = PBXFileReference; fileEncoding = 4; lastKnownFileType = sourcecode.c.h; name = PHSystermInfo.h; path = Core/Foundation/PHSystermInfo.h; sourceTree = "<group>"; };
		C008678D1A5CBEB400CB8CCB /* PHSystermInfo.m */ = {isa = PBXFileReference; fileEncoding = 4; lastKnownFileType = sourcecode.c.objc; name = PHSystermInfo.m; path = Core/Foundation/PHSystermInfo.m; sourceTree = "<group>"; };
		C008678F1A5CC11400CB8CCB /* UIKit.framework */ = {isa = PBXFileReference; lastKnownFileType = wrapper.framework; name = UIKit.framework; path = System/Library/Frameworks/UIKit.framework; sourceTree = SDKROOT; };
		C00D3B5D1A5C314C0025BFAF /* ViewController.h */ = {isa = PBXFileReference; fileEncoding = 4; lastKnownFileType = sourcecode.c.h; name = ViewController.h; path = LazyCode/MVC/Controller/ViewController.h; sourceTree = SOURCE_ROOT; };
		C00D3B5E1A5C314C0025BFAF /* ViewController.m */ = {isa = PBXFileReference; fileEncoding = 4; lastKnownFileType = sourcecode.c.objc; name = ViewController.m; path = LazyCode/MVC/Controller/ViewController.m; sourceTree = SOURCE_ROOT; };
		C059B4D01A5D5CF30012586F /* PHCommonDefine.h */ = {isa = PBXFileReference; fileEncoding = 4; lastKnownFileType = sourcecode.c.h; path = PHCommonDefine.h; sourceTree = "<group>"; };
		C09BE0541A5CC436005FC20F /* LazyCode-Prefix.pch */ = {isa = PBXFileReference; fileEncoding = 4; lastKnownFileType = sourcecode.c.h; path = "LazyCode-Prefix.pch"; sourceTree = "<group>"; };
		C0A5C50D1A5C302000E02C9F /* PHBaseView.h */ = {isa = PBXFileReference; fileEncoding = 4; lastKnownFileType = sourcecode.c.h; name = PHBaseView.h; path = BaseClass/PHBaseView.h; sourceTree = "<group>"; };
		C0A5C50E1A5C302000E02C9F /* PHBaseView.m */ = {isa = PBXFileReference; fileEncoding = 4; lastKnownFileType = sourcecode.c.objc; name = PHBaseView.m; path = BaseClass/PHBaseView.m; sourceTree = "<group>"; };
		C0A5C50F1A5C302000E02C9F /* PHBaseViewController.h */ = {isa = PBXFileReference; fileEncoding = 4; lastKnownFileType = sourcecode.c.h; name = PHBaseViewController.h; path = BaseClass/PHBaseViewController.h; sourceTree = "<group>"; };
		C0A5C5101A5C302000E02C9F /* PHBaseViewController.m */ = {isa = PBXFileReference; fileEncoding = 4; lastKnownFileType = sourcecode.c.objc; name = PHBaseViewController.m; path = BaseClass/PHBaseViewController.m; sourceTree = "<group>"; };
		C0A5C5151A5C303B00E02C9F /* PHFoundation.h */ = {isa = PBXFileReference; fileEncoding = 4; lastKnownFileType = sourcecode.c.h; name = PHFoundation.h; path = Core/Foundation/PHFoundation.h; sourceTree = "<group>"; };
		C0CFB5411A591E3B002C1589 /* LazyCode.app */ = {isa = PBXFileReference; explicitFileType = wrapper.application; includeInIndex = 0; path = LazyCode.app; sourceTree = BUILT_PRODUCTS_DIR; };
		C0CFB5451A591E3B002C1589 /* Info.plist */ = {isa = PBXFileReference; lastKnownFileType = text.plist.xml; path = Info.plist; sourceTree = "<group>"; };
		C0CFB5461A591E3B002C1589 /* main.m */ = {isa = PBXFileReference; lastKnownFileType = sourcecode.c.objc; path = main.m; sourceTree = "<group>"; };
		C0CFB5481A591E3B002C1589 /* AppDelegate.h */ = {isa = PBXFileReference; lastKnownFileType = sourcecode.c.h; path = AppDelegate.h; sourceTree = "<group>"; };
		C0CFB5491A591E3B002C1589 /* AppDelegate.m */ = {isa = PBXFileReference; lastKnownFileType = sourcecode.c.objc; path = AppDelegate.m; sourceTree = "<group>"; };
		C0CFB54F1A591E3B002C1589 /* Base */ = {isa = PBXFileReference; lastKnownFileType = file.storyboard; name = Base; path = Base.lproj/Main.storyboard; sourceTree = "<group>"; };
		C0CFB5511A591E3B002C1589 /* Images.xcassets */ = {isa = PBXFileReference; lastKnownFileType = folder.assetcatalog; path = Images.xcassets; sourceTree = "<group>"; };
		C0CFB5541A591E3B002C1589 /* Base */ = {isa = PBXFileReference; lastKnownFileType = file.xib; name = Base; path = Base.lproj/LaunchScreen.xib; sourceTree = "<group>"; };
		C0CFB55A1A591E3C002C1589 /* LazyCodeTests.xctest */ = {isa = PBXFileReference; explicitFileType = wrapper.cfbundle; includeInIndex = 0; path = LazyCodeTests.xctest; sourceTree = BUILT_PRODUCTS_DIR; };
		C0CFB55F1A591E3C002C1589 /* Info.plist */ = {isa = PBXFileReference; lastKnownFileType = text.plist.xml; path = Info.plist; sourceTree = "<group>"; };
		C0CFB5601A591E3C002C1589 /* LazyCodeTests.m */ = {isa = PBXFileReference; lastKnownFileType = sourcecode.c.objc; path = LazyCodeTests.m; sourceTree = "<group>"; };
		CEF52575EAC6E90F663C42EA /* Pods.release.xcconfig */ = {isa = PBXFileReference; includeInIndex = 1; lastKnownFileType = text.xcconfig; name = Pods.release.xcconfig; path = "Pods/Target Support Files/Pods/Pods.release.xcconfig"; sourceTree = "<group>"; };
		E622E63B75DC6ECF6F416547 /* Pods.debug.xcconfig */ = {isa = PBXFileReference; includeInIndex = 1; lastKnownFileType = text.xcconfig; name = Pods.debug.xcconfig; path = "Pods/Target Support Files/Pods/Pods.debug.xcconfig"; sourceTree = "<group>"; };
/* End PBXFileReference section */

/* Begin PBXFrameworksBuildPhase section */
		C0CFB53E1A591E3B002C1589 /* Frameworks */ = {
			isa = PBXFrameworksBuildPhase;
			buildActionMask = 2147483647;
			files = (
				5115FA7FF388224D608BF1AF /* libPods.a in Frameworks */,
			);
			runOnlyForDeploymentPostprocessing = 0;
		};
		C0CFB5571A591E3C002C1589 /* Frameworks */ = {
			isa = PBXFrameworksBuildPhase;
			buildActionMask = 2147483647;
			files = (
			);
			runOnlyForDeploymentPostprocessing = 0;
		};
/* End PBXFrameworksBuildPhase section */

/* Begin PBXGroup section */
		6F29D18521A5F9505CEBA46C /* Frameworks */ = {
			isa = PBXGroup;
			children = (
				C008678F1A5CC11400CB8CCB /* UIKit.framework */,
				5A82ABB40A10EDC06E3ED4C4 /* libPods.a */,
			);
			name = Frameworks;
			sourceTree = "<group>";
		};
		7F9EF29FE8B4FB93D471FB7E /* Pods */ = {
			isa = PBXGroup;
			children = (
				E622E63B75DC6ECF6F416547 /* Pods.debug.xcconfig */,
				CEF52575EAC6E90F663C42EA /* Pods.release.xcconfig */,
			);
			name = Pods;
			sourceTree = "<group>";
		};
		C0CFB5381A591E3B002C1589 = {
			isa = PBXGroup;
			children = (
				C0CFB5431A591E3B002C1589 /* LazyCode */,
				C0CFB55D1A591E3C002C1589 /* LazyCodeTests */,
				C0CFB5421A591E3B002C1589 /* Products */,
				7F9EF29FE8B4FB93D471FB7E /* Pods */,
				6F29D18521A5F9505CEBA46C /* Frameworks */,
			);
			sourceTree = "<group>";
		};
		C0CFB5421A591E3B002C1589 /* Products */ = {
			isa = PBXGroup;
			children = (
				C0CFB5411A591E3B002C1589 /* LazyCode.app */,
				C0CFB55A1A591E3C002C1589 /* LazyCodeTests.xctest */,
			);
			name = Products;
			sourceTree = "<group>";
		};
		C0CFB5431A591E3B002C1589 /* LazyCode */ = {
			isa = PBXGroup;
			children = (
				C0CFB5771A5931C4002C1589 /* BaseClass */,
				C0CFB5711A592DF4002C1589 /* Core */,
				C0CFB5701A592D90002C1589 /* MVC */,
				C0CFB5441A591E3B002C1589 /* Supporting Files */,
			);
			path = LazyCode;
			sourceTree = "<group>";
		};
		C0CFB5441A591E3B002C1589 /* Supporting Files */ = {
			isa = PBXGroup;
			children = (
				C0CFB54E1A591E3B002C1589 /* Main.storyboard */,
				C0CFB5511A591E3B002C1589 /* Images.xcassets */,
				C0CFB5531A591E3B002C1589 /* LaunchScreen.xib */,
				C0CFB5481A591E3B002C1589 /* AppDelegate.h */,
				C0CFB5491A591E3B002C1589 /* AppDelegate.m */,
				C0CFB5451A591E3B002C1589 /* Info.plist */,
				C0CFB5461A591E3B002C1589 /* main.m */,
				C09BE0541A5CC436005FC20F /* LazyCode-Prefix.pch */,
			);
			name = "Supporting Files";
			sourceTree = "<group>";
		};
		C0CFB55D1A591E3C002C1589 /* LazyCodeTests */ = {
			isa = PBXGroup;
			children = (
				C0CFB5601A591E3C002C1589 /* LazyCodeTests.m */,
				C0CFB55E1A591E3C002C1589 /* Supporting Files */,
			);
			path = LazyCodeTests;
			sourceTree = "<group>";
		};
		C0CFB55E1A591E3C002C1589 /* Supporting Files */ = {
			isa = PBXGroup;
			children = (
				C0CFB55F1A591E3C002C1589 /* Info.plist */,
			);
			name = "Supporting Files";
			sourceTree = "<group>";
		};
		C0CFB56A1A592C98002C1589 /* Controller */ = {
			isa = PBXGroup;
			children = (
				C00D3B5D1A5C314C0025BFAF /* ViewController.h */,
				C00D3B5E1A5C314C0025BFAF /* ViewController.m */,
			);
			path = Controller;
			sourceTree = "<group>";
		};
		C0CFB56E1A592CDD002C1589 /* Model */ = {
			isa = PBXGroup;
			children = (
			);
			path = Model;
			sourceTree = "<group>";
		};
		C0CFB56F1A592CDD002C1589 /* View */ = {
			isa = PBXGroup;
			children = (
			);
			path = View;
			sourceTree = "<group>";
		};
		C0CFB5701A592D90002C1589 /* MVC */ = {
			isa = PBXGroup;
			children = (
				C0CFB56E1A592CDD002C1589 /* Model */,
				C0CFB56F1A592CDD002C1589 /* View */,
				C0CFB56A1A592C98002C1589 /* Controller */,
			);
			name = MVC;
			sourceTree = "<group>";
		};
		C0CFB5711A592DF4002C1589 /* Core */ = {
			isa = PBXGroup;
			children = (
				C0CFB5741A593053002C1589 /* Foundation */,
				C0CFB5731A592ECC002C1589 /* Network */,
				C0CFB5721A592EC5002C1589 /* Cache */,
			);
			name = Core;
			sourceTree = "<group>";
		};
		C0CFB5721A592EC5002C1589 /* Cache */ = {
			isa = PBXGroup;
			children = (
			);
			name = Cache;
			sourceTree = "<group>";
		};
		C0CFB5731A592ECC002C1589 /* Network */ = {
			isa = PBXGroup;
			children = (
			);
			name = Network;
			sourceTree = "<group>";
		};
		C0CFB5741A593053002C1589 /* Foundation */ = {
			isa = PBXGroup;
			children = (
				C0CFB5761A593100002C1589 /* System */,
				C0CFB5751A59308A002C1589 /* Extension */,
			);
			name = Foundation;
			sourceTree = "<group>";
		};
		C0CFB5751A59308A002C1589 /* Extension */ = {
			isa = PBXGroup;
			children = (
			);
			name = Extension;
			sourceTree = "<group>";
		};
		C0CFB5761A593100002C1589 /* System */ = {
			isa = PBXGroup;
			children = (
				C0A5C5151A5C303B00E02C9F /* PHFoundation.h */,
				C059B4D01A5D5CF30012586F /* PHCommonDefine.h */,
				C008678C1A5CBEB400CB8CCB /* PHSystermInfo.h */,
				C008678D1A5CBEB400CB8CCB /* PHSystermInfo.m */,
			);
			name = System;
			sourceTree = "<group>";
		};
		C0CFB5771A5931C4002C1589 /* BaseClass */ = {
			isa = PBXGroup;
			children = (
				C0A5C50D1A5C302000E02C9F /* PHBaseView.h */,
				C0A5C50E1A5C302000E02C9F /* PHBaseView.m */,
				C0A5C50F1A5C302000E02C9F /* PHBaseViewController.h */,
				C0A5C5101A5C302000E02C9F /* PHBaseViewController.m */,
			);
			name = BaseClass;
			sourceTree = "<group>";
		};
/* End PBXGroup section */

/* Begin PBXNativeTarget section */
		C0CFB5401A591E3B002C1589 /* LazyCode */ = {
			isa = PBXNativeTarget;
			buildConfigurationList = C0CFB5641A591E3C002C1589 /* Build configuration list for PBXNativeTarget "LazyCode" */;
			buildPhases = (
				58B02D492B9DC2D6532E7EF8 /* Check Pods Manifest.lock */,
				C0CFB53D1A591E3B002C1589 /* Sources */,
				C0CFB53E1A591E3B002C1589 /* Frameworks */,
				C0CFB53F1A591E3B002C1589 /* Resources */,
				92A1E3BC7575AE012B41376E /* Copy Pods Resources */,
			);
			buildRules = (
			);
			dependencies = (
			);
			name = LazyCode;
			productName = LazyCode;
			productReference = C0CFB5411A591E3B002C1589 /* LazyCode.app */;
			productType = "com.apple.product-type.application";
		};
		C0CFB5591A591E3C002C1589 /* LazyCodeTests */ = {
			isa = PBXNativeTarget;
			buildConfigurationList = C0CFB5671A591E3C002C1589 /* Build configuration list for PBXNativeTarget "LazyCodeTests" */;
			buildPhases = (
				C0CFB5561A591E3C002C1589 /* Sources */,
				C0CFB5571A591E3C002C1589 /* Frameworks */,
				C0CFB5581A591E3C002C1589 /* Resources */,
			);
			buildRules = (
			);
			dependencies = (
				C0CFB55C1A591E3C002C1589 /* PBXTargetDependency */,
			);
			name = LazyCodeTests;
			productName = LazyCodeTests;
			productReference = C0CFB55A1A591E3C002C1589 /* LazyCodeTests.xctest */;
			productType = "com.apple.product-type.bundle.unit-test";
		};
/* End PBXNativeTarget section */

/* Begin PBXProject section */
		C0CFB5391A591E3B002C1589 /* Project object */ = {
			isa = PBXProject;
			attributes = {
				LastUpgradeCheck = 0610;
				ORGANIZATIONNAME = penghe;
				TargetAttributes = {
					C0CFB5401A591E3B002C1589 = {
						CreatedOnToolsVersion = 6.1.1;
					};
					C0CFB5591A591E3C002C1589 = {
						CreatedOnToolsVersion = 6.1.1;
						TestTargetID = C0CFB5401A591E3B002C1589;
					};
				};
			};
			buildConfigurationList = C0CFB53C1A591E3B002C1589 /* Build configuration list for PBXProject "LazyCode" */;
			compatibilityVersion = "Xcode 3.2";
			developmentRegion = English;
			hasScannedForEncodings = 0;
			knownRegions = (
				en,
				Base,
			);
			mainGroup = C0CFB5381A591E3B002C1589;
			productRefGroup = C0CFB5421A591E3B002C1589 /* Products */;
			projectDirPath = "";
			projectRoot = "";
			targets = (
				C0CFB5401A591E3B002C1589 /* LazyCode */,
				C0CFB5591A591E3C002C1589 /* LazyCodeTests */,
			);
		};
/* End PBXProject section */

/* Begin PBXResourcesBuildPhase section */
		C0CFB53F1A591E3B002C1589 /* Resources */ = {
			isa = PBXResourcesBuildPhase;
			buildActionMask = 2147483647;
			files = (
				C0CFB5501A591E3B002C1589 /* Main.storyboard in Resources */,
				C0CFB5551A591E3B002C1589 /* LaunchScreen.xib in Resources */,
				C0CFB5521A591E3B002C1589 /* Images.xcassets in Resources */,
			);
			runOnlyForDeploymentPostprocessing = 0;
		};
		C0CFB5581A591E3C002C1589 /* Resources */ = {
			isa = PBXResourcesBuildPhase;
			buildActionMask = 2147483647;
			files = (
			);
			runOnlyForDeploymentPostprocessing = 0;
		};
/* End PBXResourcesBuildPhase section */

/* Begin PBXShellScriptBuildPhase section */
		58B02D492B9DC2D6532E7EF8 /* Check Pods Manifest.lock */ = {
			isa = PBXShellScriptBuildPhase;
			buildActionMask = 2147483647;
			files = (
			);
			inputPaths = (
			);
			name = "Check Pods Manifest.lock";
			outputPaths = (
			);
			runOnlyForDeploymentPostprocessing = 0;
			shellPath = /bin/sh;
			shellScript = "diff \"${PODS_ROOT}/../Podfile.lock\" \"${PODS_ROOT}/Manifest.lock\" > /dev/null\nif [[ $? != 0 ]] ; then\n    cat << EOM\nerror: The sandbox is not in sync with the Podfile.lock. Run 'pod install' or update your CocoaPods installation.\nEOM\n    exit 1\nfi\n";
			showEnvVarsInLog = 0;
		};
		92A1E3BC7575AE012B41376E /* Copy Pods Resources */ = {
			isa = PBXShellScriptBuildPhase;
			buildActionMask = 2147483647;
			files = (
			);
			inputPaths = (
			);
			name = "Copy Pods Resources";
			outputPaths = (
			);
			runOnlyForDeploymentPostprocessing = 0;
			shellPath = /bin/sh;
			shellScript = "\"${SRCROOT}/Pods/Target Support Files/Pods/Pods-resources.sh\"\n";
			showEnvVarsInLog = 0;
		};
/* End PBXShellScriptBuildPhase section */

/* Begin PBXSourcesBuildPhase section */
		C0CFB53D1A591E3B002C1589 /* Sources */ = {
			isa = PBXSourcesBuildPhase;
			buildActionMask = 2147483647;
			files = (
				C00D3B5F1A5C314C0025BFAF /* ViewController.m in Sources */,
				C0CFB54A1A591E3B002C1589 /* AppDelegate.m in Sources */,
				C0A5C5111A5C302000E02C9F /* PHBaseView.m in Sources */,
				C008678E1A5CBEB400CB8CCB /* PHSystermInfo.m in Sources */,
				C0CFB5471A591E3B002C1589 /* main.m in Sources */,
				C0A5C5121A5C302000E02C9F /* PHBaseViewController.m in Sources */,
			);
			runOnlyForDeploymentPostprocessing = 0;
		};
		C0CFB5561A591E3C002C1589 /* Sources */ = {
			isa = PBXSourcesBuildPhase;
			buildActionMask = 2147483647;
			files = (
				C0CFB5611A591E3C002C1589 /* LazyCodeTests.m in Sources */,
			);
			runOnlyForDeploymentPostprocessing = 0;
		};
/* End PBXSourcesBuildPhase section */

/* Begin PBXTargetDependency section */
		C0CFB55C1A591E3C002C1589 /* PBXTargetDependency */ = {
			isa = PBXTargetDependency;
			target = C0CFB5401A591E3B002C1589 /* LazyCode */;
			targetProxy = C0CFB55B1A591E3C002C1589 /* PBXContainerItemProxy */;
		};
/* End PBXTargetDependency section */

/* Begin PBXVariantGroup section */
		C0CFB54E1A591E3B002C1589 /* Main.storyboard */ = {
			isa = PBXVariantGroup;
			children = (
				C0CFB54F1A591E3B002C1589 /* Base */,
			);
			name = Main.storyboard;
			sourceTree = "<group>";
		};
		C0CFB5531A591E3B002C1589 /* LaunchScreen.xib */ = {
			isa = PBXVariantGroup;
			children = (
				C0CFB5541A591E3B002C1589 /* Base */,
			);
			name = LaunchScreen.xib;
			sourceTree = "<group>";
		};
/* End PBXVariantGroup section */

/* Begin XCBuildConfiguration section */
		C0CFB5621A591E3C002C1589 /* Debug */ = {
			isa = XCBuildConfiguration;
			buildSettings = {
				ALWAYS_SEARCH_USER_PATHS = NO;
				CLANG_CXX_LANGUAGE_STANDARD = "gnu++0x";
				CLANG_CXX_LIBRARY = "libc++";
				CLANG_ENABLE_MODULES = YES;
				CLANG_ENABLE_OBJC_ARC = YES;
				CLANG_WARN_BOOL_CONVERSION = YES;
				CLANG_WARN_CONSTANT_CONVERSION = YES;
				CLANG_WARN_DIRECT_OBJC_ISA_USAGE = YES_ERROR;
				CLANG_WARN_EMPTY_BODY = YES;
				CLANG_WARN_ENUM_CONVERSION = YES;
				CLANG_WARN_INT_CONVERSION = YES;
				CLANG_WARN_OBJC_ROOT_CLASS = YES_ERROR;
				CLANG_WARN_UNREACHABLE_CODE = YES;
				CLANG_WARN__DUPLICATE_METHOD_MATCH = YES;
				"CODE_SIGN_IDENTITY[sdk=iphoneos*]" = "iPhone Developer";
				COPY_PHASE_STRIP = NO;
				ENABLE_STRICT_OBJC_MSGSEND = YES;
				GCC_C_LANGUAGE_STANDARD = gnu99;
				GCC_DYNAMIC_NO_PIC = NO;
				GCC_OPTIMIZATION_LEVEL = 0;
				GCC_PREPROCESSOR_DEFINITIONS = (
					"DEBUG=1",
					"$(inherited)",
				);
				GCC_SYMBOLS_PRIVATE_EXTERN = NO;
				GCC_WARN_64_TO_32_BIT_CONVERSION = YES;
				GCC_WARN_ABOUT_RETURN_TYPE = YES_ERROR;
				GCC_WARN_UNDECLARED_SELECTOR = YES;
				GCC_WARN_UNINITIALIZED_AUTOS = YES_AGGRESSIVE;
				GCC_WARN_UNUSED_FUNCTION = YES;
				GCC_WARN_UNUSED_VARIABLE = YES;
				IPHONEOS_DEPLOYMENT_TARGET = 8.1;
				MTL_ENABLE_DEBUG_INFO = YES;
				ONLY_ACTIVE_ARCH = YES;
				SDKROOT = iphoneos;
			};
			name = Debug;
		};
		C0CFB5631A591E3C002C1589 /* Release */ = {
			isa = XCBuildConfiguration;
			buildSettings = {
				ALWAYS_SEARCH_USER_PATHS = NO;
				CLANG_CXX_LANGUAGE_STANDARD = "gnu++0x";
				CLANG_CXX_LIBRARY = "libc++";
				CLANG_ENABLE_MODULES = YES;
				CLANG_ENABLE_OBJC_ARC = YES;
				CLANG_WARN_BOOL_CONVERSION = YES;
				CLANG_WARN_CONSTANT_CONVERSION = YES;
				CLANG_WARN_DIRECT_OBJC_ISA_USAGE = YES_ERROR;
				CLANG_WARN_EMPTY_BODY = YES;
				CLANG_WARN_ENUM_CONVERSION = YES;
				CLANG_WARN_INT_CONVERSION = YES;
				CLANG_WARN_OBJC_ROOT_CLASS = YES_ERROR;
				CLANG_WARN_UNREACHABLE_CODE = YES;
				CLANG_WARN__DUPLICATE_METHOD_MATCH = YES;
				"CODE_SIGN_IDENTITY[sdk=iphoneos*]" = "iPhone Developer";
				COPY_PHASE_STRIP = YES;
				ENABLE_NS_ASSERTIONS = NO;
				ENABLE_STRICT_OBJC_MSGSEND = YES;
				GCC_C_LANGUAGE_STANDARD = gnu99;
				GCC_WARN_64_TO_32_BIT_CONVERSION = YES;
				GCC_WARN_ABOUT_RETURN_TYPE = YES_ERROR;
				GCC_WARN_UNDECLARED_SELECTOR = YES;
				GCC_WARN_UNINITIALIZED_AUTOS = YES_AGGRESSIVE;
				GCC_WARN_UNUSED_FUNCTION = YES;
				GCC_WARN_UNUSED_VARIABLE = YES;
				IPHONEOS_DEPLOYMENT_TARGET = 8.1;
				MTL_ENABLE_DEBUG_INFO = NO;
				SDKROOT = iphoneos;
				VALIDATE_PRODUCT = YES;
			};
			name = Release;
		};
		C0CFB5651A591E3C002C1589 /* Debug */ = {
			isa = XCBuildConfiguration;
			baseConfigurationReference = E622E63B75DC6ECF6F416547 /* Pods.debug.xcconfig */;
			buildSettings = {
				ASSETCATALOG_COMPILER_APPICON_NAME = AppIcon;
				GCC_PREFIX_HEADER = "$(SRCROOT)/LazyCode/LazyCode-Prefix.pch";
				INFOPLIST_FILE = LazyCode/Info.plist;
				IPHONEOS_DEPLOYMENT_TARGET = 6.0;
				LD_RUNPATH_SEARCH_PATHS = "$(inherited) @executable_path/Frameworks";
				PRODUCT_NAME = "$(TARGET_NAME)";
			};
			name = Debug;
		};
		C0CFB5661A591E3C002C1589 /* Release */ = {
			isa = XCBuildConfiguration;
			baseConfigurationReference = CEF52575EAC6E90F663C42EA /* Pods.release.xcconfig */;
			buildSettings = {
				ASSETCATALOG_COMPILER_APPICON_NAME = AppIcon;
				GCC_PREFIX_HEADER = "$(SRCROOT)/LazyCode/LazyCode-Prefix.pch";
				INFOPLIST_FILE = LazyCode/Info.plist;
				IPHONEOS_DEPLOYMENT_TARGET = 6.0;
				LD_RUNPATH_SEARCH_PATHS = "$(inherited) @executable_path/Frameworks";
				PRODUCT_NAME = "$(TARGET_NAME)";
			};
			name = Release;
		};
		C0CFB5681A591E3C002C1589 /* Debug */ = {
			isa = XCBuildConfiguration;
			buildSettings = {
				BUNDLE_LOADER = "$(TEST_HOST)";
				FRAMEWORK_SEARCH_PATHS = (
					"$(SDKROOT)/Developer/Library/Frameworks",
					"$(inherited)",
				);
				GCC_PREPROCESSOR_DEFINITIONS = (
					"DEBUG=1",
					"$(inherited)",
				);
				INFOPLIST_FILE = LazyCodeTests/Info.plist;
				LD_RUNPATH_SEARCH_PATHS = "$(inherited) @executable_path/Frameworks @loader_path/Frameworks";
				PRODUCT_NAME = "$(TARGET_NAME)";
				TEST_HOST = "$(BUILT_PRODUCTS_DIR)/LazyCode.app/LazyCode";
			};
			name = Debug;
		};
		C0CFB5691A591E3C002C1589 /* Release */ = {
			isa = XCBuildConfiguration;
			buildSettings = {
				BUNDLE_LOADER = "$(TEST_HOST)";
				FRAMEWORK_SEARCH_PATHS = (
					"$(SDKROOT)/Developer/Library/Frameworks",
					"$(inherited)",
				);
				INFOPLIST_FILE = LazyCodeTests/Info.plist;
				LD_RUNPATH_SEARCH_PATHS = "$(inherited) @executable_path/Frameworks @loader_path/Frameworks";
				PRODUCT_NAME = "$(TARGET_NAME)";
				TEST_HOST = "$(BUILT_PRODUCTS_DIR)/LazyCode.app/LazyCode";
			};
			name = Release;
		};
/* End XCBuildConfiguration section */

/* Begin XCConfigurationList section */
		C0CFB53C1A591E3B002C1589 /* Build configuration list for PBXProject "LazyCode" */ = {
			isa = XCConfigurationList;
			buildConfigurations = (
				C0CFB5621A591E3C002C1589 /* Debug */,
				C0CFB5631A591E3C002C1589 /* Release */,
			);
			defaultConfigurationIsVisible = 0;
			defaultConfigurationName = Release;
		};
		C0CFB5641A591E3C002C1589 /* Build configuration list for PBXNativeTarget "LazyCode" */ = {
			isa = XCConfigurationList;
			buildConfigurations = (
				C0CFB5651A591E3C002C1589 /* Debug */,
				C0CFB5661A591E3C002C1589 /* Release */,
			);
			defaultConfigurationIsVisible = 0;
			defaultConfigurationName = Release;
		};
		C0CFB5671A591E3C002C1589 /* Build configuration list for PBXNativeTarget "LazyCodeTests" */ = {
			isa = XCConfigurationList;
			buildConfigurations = (
				C0CFB5681A591E3C002C1589 /* Debug */,
				C0CFB5691A591E3C002C1589 /* Release */,
			);
			defaultConfigurationIsVisible = 0;
			defaultConfigurationName = Release;
		};
/* End XCConfigurationList section */
	};
	rootObject = C0CFB5391A591E3B002C1589 /* Project object */;
}
